
Microsoft Visual Studio Solution File, Format Version 12.00
# Visual Studio Version 17
VisualStudioVersion = 17.14.36414.22 d17.14
MinimumVisualStudioVersion = 10.0.40219.1
Project("{FAE04EC0-301F-11D3-BF4B-00C04F79EFBC}") = "Calculadora", "Calculadora.csproj", "{7FFA0F82-8443-4C25-A57D-1EFBE3B1BC60}"
EndProject
Global
	GlobalSection(SolutionConfigurationPlatforms) = preSolution
		Debug|Any CPU = Debug|Any CPU
		Release|Any CPU = Release|Any CPU
	EndGlobalSection
	GlobalSection(ProjectConfigurationPlatforms) = postSolution
		{7FFA0F82-8443-4C25-A57D-1EFBE3B1BC60}.Debug|Any CPU.ActiveCfg = Debug|Any CPU
		{7FFA0F82-8443-4C25-A57D-1EFBE3B1BC60}.Debug|Any CPU.Build.0 = Debug|Any CPU
		{7FFA0F82-8443-4C25-A57D-1EFBE3B1BC60}.Release|Any CPU.ActiveCfg = Release|Any CPU
		{7FFA0F82-8443-4C25-A57D-1EFBE3B1BC60}.Release|Any CPU.Build.0 = Release|Any CPU
	EndGlobalSection
	GlobalSection(SolutionProperties) = preSolution
		HideSolutionNode = FALSE
	EndGlobalSection
	GlobalSection(ExtensibilityGlobals) = postSolution
		SolutionGuid = {028DE699-F24E-4758-AF8C-2E0D17792051}
	EndGlobalSection
EndGlobal
